
Microsoft Visual Studio Solution File, Format Version 12.00
# Visual Studio Version 16
VisualStudioVersion = 16.0.29920.165
MinimumVisualStudioVersion = 10.0.40219.1
Project("{FAE04EC0-301F-11D3-BF4B-00C04F79EFBC}") = "RemovePixel", "RemovePixel.csproj", "{F77209EC-71C1-49D0-9CB3-75C4A36C61E7}"
EndProject
Global
	GlobalSection(SolutionConfigurationPlatforms) = preSolution
		Debug|Any CPU = Debug|Any CPU
		Release|Any CPU = Release|Any CPU
	EndGlobalSection
	GlobalSection(ProjectConfigurationPlatforms) = postSolution
		{F77209EC-71C1-49D0-9CB3-75C4A36C61E7}.Debug|Any CPU.ActiveCfg = Debug|Any CPU
		{F77209EC-71C1-49D0-9CB3-75C4A36C61E7}.Debug|Any CPU.Build.0 = Debug|Any CPU
		{F77209EC-71C1-49D0-9CB3-75C4A36C61E7}.Release|Any CPU.ActiveCfg = Release|Any CPU
		{F77209EC-71C1-49D0-9CB3-75C4A36C61E7}.Release|Any CPU.Build.0 = Release|Any CPU
	EndGlobalSection
	GlobalSection(SolutionProperties) = preSolution
		HideSolutionNode = FALSE
	EndGlobalSection
	GlobalSection(ExtensibilityGlobals) = postSolution
		SolutionGuid = {761C4A00-96FE-4B59-A07D-B9E335B37EAF}
	EndGlobalSection
EndGlobal
